# THIS IS AN AUTOGENERATED FILE. DO NOT EDIT THIS FILE DIRECTLY.
# yarn lockfile v1


cjfella@^1.0.3:
  version "1.0.3"
  resolved "https://registry.yarnpkg.com/cjfella/-/cjfella-1.0.3.tgz#22d6a82840154487a3d5a5effa69424a031e4dfe"
  dependencies:
    f-empower "3.x.x"
    minimist "0.2.x"
    stdin "0.0.x"

coffee-script@^1.12.4:
  version "1.12.4"
  resolved "https://registry.yarnpkg.com/coffee-script/-/coffee-script-1.12.4.tgz#fe1bced97fe1fb3927b998f2b45616e0658be1ff"

f-empower@3.x.x:
  version "3.13.1"
  resolved "https://registry.yarnpkg.com/f-empower/-/f-empower-3.13.1.tgz#92dfab9510606742300bd6e61bc64d1c4d459c76"

minimist@0.2.x:
  version "0.2.0"
  resolved "https://registry.yarnpkg.com/minimist/-/minimist-0.2.0.tgz#4dffe525dae2b864c66c2e23c6271d7afdecefce"

stdin@0.0.x:
  version "0.0.1"
  resolved "https://registry.yarnpkg.com/stdin/-/stdin-0.0.1.tgz#d3041981aaec3dfdbc77a1b38d6372e38f5fb71e"
